
Microsoft Visual Studio Solution File, Format Version 12.00
# Visual Studio 15
VisualStudioVersion = 15.0.26430.14
MinimumVisualStudioVersion = 10.0.40219.1
Project("{FAE04EC0-301F-11D3-BF4B-00C04F79EFBC}") = "AVTAL POE BLEDON", "AVTAL POE BLEDON\AVTAL POE BLEDON.csproj", "{ABD6ECF8-48B1-4D32-955D-46D15BEF2277}"
EndProject
Global
	GlobalSection(SolutionConfigurationPlatforms) = preSolution
		Debug|Any CPU = Debug|Any CPU
		Release|Any CPU = Release|Any CPU
	EndGlobalSection
	GlobalSection(ProjectConfigurationPlatforms) = postSolution
		{ABD6ECF8-48B1-4D32-955D-46D15BEF2277}.Debug|Any CPU.ActiveCfg = Debug|Any CPU
		{ABD6ECF8-48B1-4D32-955D-46D15BEF2277}.Debug|Any CPU.Build.0 = Debug|Any CPU
		{ABD6ECF8-48B1-4D32-955D-46D15BEF2277}.Release|Any CPU.ActiveCfg = Release|Any CPU
		{ABD6ECF8-48B1-4D32-955D-46D15BEF2277}.Release|Any CPU.Build.0 = Release|Any CPU
	EndGlobalSection
	GlobalSection(SolutionProperties) = preSolution
		HideSolutionNode = FALSE
	EndGlobalSection
EndGlobal
